
Microsoft Visual Studio Solution File, Format Version 12.00
# Visual Studio Version 17
VisualStudioVersion = 17.6.33815.320
MinimumVisualStudioVersion = 10.0.40219.1
Project("{FAE04EC0-301F-11D3-BF4B-00C04F79EFBC}") = "WebProject.WebApi", "WebProject\WebProject.WebApi.csproj", "{73B5ECE2-7111-4587-BDE4-8B7AD4FEF196}"
EndProject
Project("{FAE04EC0-301F-11D3-BF4B-00C04F79EFBC}") = "WebProject.Service", "WebProject.Service\WebProject.Service.csproj", "{2C6CCCA4-3A3E-4335-BAF2-176B9752CCA8}"
EndProject
Project("{FAE04EC0-301F-11D3-BF4B-00C04F79EFBC}") = "WebProject.Repository", "WebProject.Repository\WebProject.Repository.csproj", "{82CC2565-4DBA-4B26-8073-F104BD15394A}"
EndProject
Project("{FAE04EC0-301F-11D3-BF4B-00C04F79EFBC}") = "WebProject.DAL", "WebProject.DAL\WebProject.DAL.csproj", "{C7D9CCE2-E5A9-42D7-BFBB-DD5348006C91}"
EndProject
Project("{FAE04EC0-301F-11D3-BF4B-00C04F79EFBC}") = "WebProject.Model", "WebProject.Model\WebProject.Model.csproj", "{38140503-FEF4-4802-B54D-7993683B458E}"
EndProject
Project("{FAE04EC0-301F-11D3-BF4B-00C04F79EFBC}") = "WebProject.Service.Common", "WebProject.Service.ServiceCommon\WebProject.Service.Common.csproj", "{6B408A2F-4B86-4020-8BD3-AC61E2C0E02D}"
EndProject
Project("{FAE04EC0-301F-11D3-BF4B-00C04F79EFBC}") = "WebProject.Repository.Common", "WebProject.Repository.RepositoryCommon\WebProject.Repository.Common.csproj", "{D87FAE9E-5FDB-46C0-9B8D-AE2A17C772E5}"
EndProject
Project("{FAE04EC0-301F-11D3-BF4B-00C04F79EFBC}") = "WebProject.Model.Common", "WebProject.Model.ModelCommon\WebProject.Model.Common.csproj", "{C26E30E8-3BE3-4A3A-A202-96B03AF967C1}"
EndProject
Project("{FAE04EC0-301F-11D3-BF4B-00C04F79EFBC}") = "WebProject.Common", "WebProject.Common\WebProject.Common.csproj", "{87E86DEF-4D45-41A7-B2FC-B9625581B2B0}"
EndProject
Global
	GlobalSection(SolutionConfigurationPlatforms) = preSolution
		Debug|Any CPU = Debug|Any CPU
		Release|Any CPU = Release|Any CPU
	EndGlobalSection
	GlobalSection(ProjectConfigurationPlatforms) = postSolution
		{73B5ECE2-7111-4587-BDE4-8B7AD4FEF196}.Debug|Any CPU.ActiveCfg = Debug|Any CPU
		{73B5ECE2-7111-4587-BDE4-8B7AD4FEF196}.Debug|Any CPU.Build.0 = Debug|Any CPU
		{73B5ECE2-7111-4587-BDE4-8B7AD4FEF196}.Release|Any CPU.ActiveCfg = Release|Any CPU
		{73B5ECE2-7111-4587-BDE4-8B7AD4FEF196}.Release|Any CPU.Build.0 = Release|Any CPU
		{2C6CCCA4-3A3E-4335-BAF2-176B9752CCA8}.Debug|Any CPU.ActiveCfg = Debug|Any CPU
		{2C6CCCA4-3A3E-4335-BAF2-176B9752CCA8}.Debug|Any CPU.Build.0 = Debug|Any CPU
		{2C6CCCA4-3A3E-4335-BAF2-176B9752CCA8}.Release|Any CPU.ActiveCfg = Release|Any CPU
		{2C6CCCA4-3A3E-4335-BAF2-176B9752CCA8}.Release|Any CPU.Build.0 = Release|Any CPU
		{82CC2565-4DBA-4B26-8073-F104BD15394A}.Debug|Any CPU.ActiveCfg = Debug|Any CPU
		{82CC2565-4DBA-4B26-8073-F104BD15394A}.Debug|Any CPU.Build.0 = Debug|Any CPU
		{82CC2565-4DBA-4B26-8073-F104BD15394A}.Release|Any CPU.ActiveCfg = Release|Any CPU
		{82CC2565-4DBA-4B26-8073-F104BD15394A}.Release|Any CPU.Build.0 = Release|Any CPU
		{C7D9CCE2-E5A9-42D7-BFBB-DD5348006C91}.Debug|Any CPU.ActiveCfg = Debug|Any CPU
		{C7D9CCE2-E5A9-42D7-BFBB-DD5348006C91}.Debug|Any CPU.Build.0 = Debug|Any CPU
		{C7D9CCE2-E5A9-42D7-BFBB-DD5348006C91}.Release|Any CPU.ActiveCfg = Release|Any CPU
		{C7D9CCE2-E5A9-42D7-BFBB-DD5348006C91}.Release|Any CPU.Build.0 = Release|Any CPU
		{38140503-FEF4-4802-B54D-7993683B458E}.Debug|Any CPU.ActiveCfg = Debug|Any CPU
		{38140503-FEF4-4802-B54D-7993683B458E}.Debug|Any CPU.Build.0 = Debug|Any CPU
		{38140503-FEF4-4802-B54D-7993683B458E}.Release|Any CPU.ActiveCfg = Release|Any CPU
		{38140503-FEF4-4802-B54D-7993683B458E}.Release|Any CPU.Build.0 = Release|Any CPU
		{6B408A2F-4B86-4020-8BD3-AC61E2C0E02D}.Debug|Any CPU.ActiveCfg = Debug|Any CPU
		{6B408A2F-4B86-4020-8BD3-AC61E2C0E02D}.Debug|Any CPU.Build.0 = Debug|Any CPU
		{6B408A2F-4B86-4020-8BD3-AC61E2C0E02D}.Release|Any CPU.ActiveCfg = Release|Any CPU
		{6B408A2F-4B86-4020-8BD3-AC61E2C0E02D}.Release|Any CPU.Build.0 = Release|Any CPU
		{D87FAE9E-5FDB-46C0-9B8D-AE2A17C772E5}.Debug|Any CPU.ActiveCfg = Debug|Any CPU
		{D87FAE9E-5FDB-46C0-9B8D-AE2A17C772E5}.Debug|Any CPU.Build.0 = Debug|Any CPU
		{D87FAE9E-5FDB-46C0-9B8D-AE2A17C772E5}.Release|Any CPU.ActiveCfg = Release|Any CPU
		{D87FAE9E-5FDB-46C0-9B8D-AE2A17C772E5}.Release|Any CPU.Build.0 = Release|Any CPU
		{C26E30E8-3BE3-4A3A-A202-96B03AF967C1}.Debug|Any CPU.ActiveCfg = Debug|Any CPU
		{C26E30E8-3BE3-4A3A-A202-96B03AF967C1}.Debug|Any CPU.Build.0 = Debug|Any CPU
		{C26E30E8-3BE3-4A3A-A202-96B03AF967C1}.Release|Any CPU.ActiveCfg = Release|Any CPU
		{C26E30E8-3BE3-4A3A-A202-96B03AF967C1}.Release|Any CPU.Build.0 = Release|Any CPU
		{87E86DEF-4D45-41A7-B2FC-B9625581B2B0}.Debug|Any CPU.ActiveCfg = Debug|Any CPU
		{87E86DEF-4D45-41A7-B2FC-B9625581B2B0}.Debug|Any CPU.Build.0 = Debug|Any CPU
		{87E86DEF-4D45-41A7-B2FC-B9625581B2B0}.Release|Any CPU.ActiveCfg = Release|Any CPU
		{87E86DEF-4D45-41A7-B2FC-B9625581B2B0}.Release|Any CPU.Build.0 = Release|Any CPU
	EndGlobalSection
	GlobalSection(SolutionProperties) = preSolution
		HideSolutionNode = FALSE
	EndGlobalSection
	GlobalSection(ExtensibilityGlobals) = postSolution
		SolutionGuid = {E5E7606F-60FA-49F7-9C24-4C41C035E7D1}
	EndGlobalSection
EndGlobal
